// !$*UTF8*$!
{
	archiveVersion = 1;
	classes = {
	};
	objectVersion = 50;
	objects = {

/* Begin PBXBuildFile section */
		B6A70D5F26CA3B2A00FC164C /* Tests_iOS.swift in Sources */ = {isa = PBXBuildFile; fileRef = B6A70D5E26CA3B2A00FC164C /* Tests_iOS.swift */; };
		B6A70D6A26CA3B2A00FC164C /* Tests_macOS.swift in Sources */ = {isa = PBXBuildFile; fileRef = B6A70D6926CA3B2A00FC164C /* Tests_macOS.swift */; };
		B6A70D6C26CA3B2A00FC164C /* Memorize_GameApp.swift in Sources */ = {isa = PBXBuildFile; fileRef = B6A70D4326CA3B2900FC164C /* Memorize_GameApp.swift */; };
		B6A70D6D26CA3B2A00FC164C /* Memorize_GameApp.swift in Sources */ = {isa = PBXBuildFile; fileRef = B6A70D4326CA3B2900FC164C /* Memorize_GameApp.swift */; };
		B6A70D6E26CA3B2A00FC164C /* ContentView.swift in Sources */ = {isa = PBXBuildFile; fileRef = B6A70D4426CA3B2900FC164C /* ContentView.swift */; };
		B6A70D6F26CA3B2A00FC164C /* ContentView.swift in Sources */ = {isa = PBXBuildFile; fileRef = B6A70D4426CA3B2900FC164C /* ContentView.swift */; };
		B6A70D7026CA3B2A00FC164C /* Assets.xcassets in Resources */ = {isa = PBXBuildFile; fileRef = B6A70D4526CA3B2A00FC164C /* Assets.xcassets */; };
		B6A70D7126CA3B2A00FC164C /* Assets.xcassets in Resources */ = {isa = PBXBuildFile; fileRef = B6A70D4526CA3B2A00FC164C /* Assets.xcassets */; };
/* End PBXBuildFile section */

/* Begin PBXContainerItemProxy section */
		B6A70D5B26CA3B2A00FC164C /* PBXContainerItemProxy */ = {
			isa = PBXContainerItemProxy;
			containerPortal = B6A70D3E26CA3B2900FC164C /* Project object */;
			proxyType = 1;
			remoteGlobalIDString = B6A70D4926CA3B2A00FC164C;
			remoteInfo = "Memorize Game (iOS)";
		};
		B6A70D6626CA3B2A00FC164C /* PBXContainerItemProxy */ = {
			isa = PBXContainerItemProxy;
			containerPortal = B6A70D3E26CA3B2900FC164C /* Project object */;
			proxyType = 1;
			remoteGlobalIDString = B6A70D5126CA3B2A00FC164C;
			remoteInfo = "Memorize Game (macOS)";
		};
/* End PBXContainerItemProxy section */

/* Begin PBXFileReference section */
		B6A70D4326CA3B2900FC164C /* Memorize_GameApp.swift */ = {isa = PBXFileReference; lastKnownFileType = sourcecode.swift; path = Memorize_GameApp.swift; sourceTree = "<group>"; };
		B6A70D4426CA3B2900FC164C /* ContentView.swift */ = {isa = PBXFileReference; lastKnownFileType = sourcecode.swift; path = ContentView.swift; sourceTree = "<group>"; };
		B6A70D4526CA3B2A00FC164C /* Assets.xcassets */ = {isa = PBXFileReference; lastKnownFileType = folder.assetcatalog; path = Assets.xcassets; sourceTree = "<group>"; };
		B6A70D4A26CA3B2A00FC164C /* Memorize Game.app */ = {isa = PBXFileReference; explicitFileType = wrapper.application; includeInIndex = 0; path = "Memorize Game.app"; sourceTree = BUILT_PRODUCTS_DIR; };
		B6A70D4D26CA3B2A00FC164C /* Info.plist */ = {isa = PBXFileReference; lastKnownFileType = text.plist.xml; path = Info.plist; sourceTree = "<group>"; };
		B6A70D5226CA3B2A00FC164C /* Memorize Game.app */ = {isa = PBXFileReference; explicitFileType = wrapper.application; includeInIndex = 0; path = "Memorize Game.app"; sourceTree = BUILT_PRODUCTS_DIR; };
		B6A70D5426CA3B2A00FC164C /* Info.plist */ = {isa = PBXFileReference; lastKnownFileType = text.plist.xml; path = Info.plist; sourceTree = "<group>"; };
		B6A70D5526CA3B2A00FC164C /* macOS.entitlements */ = {isa = PBXFileReference; lastKnownFileType = text.plist.entitlements; path = macOS.entitlements; sourceTree = "<group>"; };
		B6A70D5A26CA3B2A00FC164C /* Tests iOS.xctest */ = {isa = PBXFileReference; explicitFileType = wrapper.cfbundle; includeInIndex = 0; path = "Tests iOS.xctest"; sourceTree = BUILT_PRODUCTS_DIR; };
		B6A70D5E26CA3B2A00FC164C /* Tests_iOS.swift */ = {isa = PBXFileReference; lastKnownFileType = sourcecode.swift; path = Tests_iOS.swift; sourceTree = "<group>"; };
		B6A70D6026CA3B2A00FC164C /* Info.plist */ = {isa = PBXFileReference; lastKnownFileType = text.plist.xml; path = Info.plist; sourceTree = "<group>"; };
		B6A70D6526CA3B2A00FC164C /* Tests macOS.xctest */ = {isa = PBXFileReference; explicitFileType = wrapper.cfbundle; includeInIndex = 0; path = "Tests macOS.xctest"; sourceTree = BUILT_PRODUCTS_DIR; };
		B6A70D6926CA3B2A00FC164C /* Tests_macOS.swift */ = {isa = PBXFileReference; lastKnownFileType = sourcecode.swift; path = Tests_macOS.swift; sourceTree = "<group>"; };
		B6A70D6B26CA3B2A00FC164C /* Info.plist */ = {isa = PBXFileReference; lastKnownFileType = text.plist.xml; path = Info.plist; sourceTree = "<group>"; };
/* End PBXFileReference section */

/* Begin PBXFrameworksBuildPhase section */
		B6A70D4726CA3B2A00FC164C /* Frameworks */ = {
			isa = PBXFrameworksBuildPhase;
			buildActionMask = 2147483647;
			files = (
			);
			runOnlyForDeploymentPostprocessing = 0;
		};
		B6A70D4F26CA3B2A00FC164C /* Frameworks */ = {
			isa = PBXFrameworksBuildPhase;
			buildActionMask = 2147483647;
			files = (
			);
			runOnlyForDeploymentPostprocessing = 0;
		};
		B6A70D5726CA3B2A00FC164C /* Frameworks */ = {
			isa = PBXFrameworksBuildPhase;
			buildActionMask = 2147483647;
			files = (
			);
			runOnlyForDeploymentPostprocessing = 0;
		};
		B6A70D6226CA3B2A00FC164C /* Frameworks */ = {
			isa = PBXFrameworksBuildPhase;
			buildActionMask = 2147483647;
			files = (
			);
			runOnlyForDeploymentPostprocessing = 0;
		};
/* End PBXFrameworksBuildPhase section */

/* Begin PBXGroup section */
		B6A70D3D26CA3B2900FC164C = {
			isa = PBXGroup;
			children = (
				B6A70D4226CA3B2900FC164C /* Shared */,
				B6A70D4C26CA3B2A00FC164C /* iOS */,
				B6A70D5326CA3B2A00FC164C /* macOS */,
				B6A70D5D26CA3B2A00FC164C /* Tests iOS */,
				B6A70D6826CA3B2A00FC164C /* Tests macOS */,
				B6A70D4B26CA3B2A00FC164C /* Products */,
			);
			sourceTree = "<group>";
		};
		B6A70D4226CA3B2900FC164C /* Shared */ = {
			isa = PBXGroup;
			children = (
				B6A70D4326CA3B2900FC164C /* Memorize_GameApp.swift */,
				B6A70D4426CA3B2900FC164C /* ContentView.swift */,
				B6A70D4526CA3B2A00FC164C /* Assets.xcassets */,
			);
			path = Shared;
			sourceTree = "<group>";
		};
		B6A70D4B26CA3B2A00FC164C /* Products */ = {
			isa = PBXGroup;
			children = (
				B6A70D4A26CA3B2A00FC164C /* Memorize Game.app */,
				B6A70D5226CA3B2A00FC164C /* Memorize Game.app */,
				B6A70D5A26CA3B2A00FC164C /* Tests iOS.xctest */,
				B6A70D6526CA3B2A00FC164C /* Tests macOS.xctest */,
			);
			name = Products;
			sourceTree = "<group>";
		};
		B6A70D4C26CA3B2A00FC164C /* iOS */ = {
			isa = PBXGroup;
			children = (
				B6A70D4D26CA3B2A00FC164C /* Info.plist */,
			);
			path = iOS;
			sourceTree = "<group>";
		};
		B6A70D5326CA3B2A00FC164C /* macOS */ = {
			isa = PBXGroup;
			children = (
				B6A70D5426CA3B2A00FC164C /* Info.plist */,
				B6A70D5526CA3B2A00FC164C /* macOS.entitlements */,
			);
			path = macOS;
			sourceTree = "<group>";
		};
		B6A70D5D26CA3B2A00FC164C /* Tests iOS */ = {
			isa = PBXGroup;
			children = (
				B6A70D5E26CA3B2A00FC164C /* Tests_iOS.swift */,
				B6A70D6026CA3B2A00FC164C /* Info.plist */,
			);
			path = "Tests iOS";
			sourceTree = "<group>";
		};
		B6A70D6826CA3B2A00FC164C /* Tests macOS */ = {
			isa = PBXGroup;
			children = (
				B6A70D6926CA3B2A00FC164C /* Tests_macOS.swift */,
				B6A70D6B26CA3B2A00FC164C /* Info.plist */,
			);
			path = "Tests macOS";
			sourceTree = "<group>";
		};
/* End PBXGroup section */

/* Begin PBXNativeTarget section */
		B6A70D4926CA3B2A00FC164C /* Memorize Game (iOS) */ = {
			isa = PBXNativeTarget;
			buildConfigurationList = B6A70D7426CA3B2A00FC164C /* Build configuration list for PBXNativeTarget "Memorize Game (iOS)" */;
			buildPhases = (
				B6A70D4626CA3B2A00FC164C /* Sources */,
				B6A70D4726CA3B2A00FC164C /* Frameworks */,
				B6A70D4826CA3B2A00FC164C /* Resources */,
			);
			buildRules = (
			);
			dependencies = (
			);
			name = "Memorize Game (iOS)";
			productName = "Memorize Game (iOS)";
			productReference = B6A70D4A26CA3B2A00FC164C /* Memorize Game.app */;
			productType = "com.apple.product-type.application";
		};
		B6A70D5126CA3B2A00FC164C /* Memorize Game (macOS) */ = {
			isa = PBXNativeTarget;
			buildConfigurationList = B6A70D7726CA3B2A00FC164C /* Build configuration list for PBXNativeTarget "Memorize Game (macOS)" */;
			buildPhases = (
				B6A70D4E26CA3B2A00FC164C /* Sources */,
				B6A70D4F26CA3B2A00FC164C /* Frameworks */,
				B6A70D5026CA3B2A00FC164C /* Resources */,
			);
			buildRules = (
			);
			dependencies = (
			);
			name = "Memorize Game (macOS)";
			productName = "Memorize Game (macOS)";
			productReference = B6A70D5226CA3B2A00FC164C /* Memorize Game.app */;
			productType = "com.apple.product-type.application";
		};
		B6A70D5926CA3B2A00FC164C /* Tests iOS */ = {
			isa = PBXNativeTarget;
			buildConfigurationList = B6A70D7A26CA3B2A00FC164C /* Build configuration list for PBXNativeTarget "Tests iOS" */;
			buildPhases = (
				B6A70D5626CA3B2A00FC164C /* Sources */,
				B6A70D5726CA3B2A00FC164C /* Frameworks */,
				B6A70D5826CA3B2A00FC164C /* Resources */,
			);
			buildRules = (
			);
			dependencies = (
				B6A70D5C26CA3B2A00FC164C /* PBXTargetDependency */,
			);
			name = "Tests iOS";
			productName = "Tests iOS";
			productReference = B6A70D5A26CA3B2A00FC164C /* Tests iOS.xctest */;
			productType = "com.apple.product-type.bundle.ui-testing";
		};
		B6A70D6426CA3B2A00FC164C /* Tests macOS */ = {
			isa = PBXNativeTarget;
			buildConfigurationList = B6A70D7D26CA3B2A00FC164C /* Build configuration list for PBXNativeTarget "Tests macOS" */;
			buildPhases = (
				B6A70D6126CA3B2A00FC164C /* Sources */,
				B6A70D6226CA3B2A00FC164C /* Frameworks */,
				B6A70D6326CA3B2A00FC164C /* Resources */,
			);
			buildRules = (
			);
			dependencies = (
				B6A70D6726CA3B2A00FC164C /* PBXTargetDependency */,
			);
			name = "Tests macOS";
			productName = "Tests macOS";
			productReference = B6A70D6526CA3B2A00FC164C /* Tests macOS.xctest */;
			productType = "com.apple.product-type.bundle.ui-testing";
		};
/* End PBXNativeTarget section */

/* Begin PBXProject section */
		B6A70D3E26CA3B2900FC164C /* Project object */ = {
			isa = PBXProject;
			attributes = {
				LastSwiftUpdateCheck = 1250;
				LastUpgradeCheck = 1250;
				TargetAttributes = {
					B6A70D4926CA3B2A00FC164C = {
						CreatedOnToolsVersion = 12.5.1;
					};
					B6A70D5126CA3B2A00FC164C = {
						CreatedOnToolsVersion = 12.5.1;
					};
					B6A70D5926CA3B2A00FC164C = {
						CreatedOnToolsVersion = 12.5.1;
						TestTargetID = B6A70D4926CA3B2A00FC164C;
					};
					B6A70D6426CA3B2A00FC164C = {
						CreatedOnToolsVersion = 12.5.1;
						TestTargetID = B6A70D5126CA3B2A00FC164C;
					};
				};
			};
			buildConfigurationList = B6A70D4126CA3B2900FC164C /* Build configuration list for PBXProject "Memorize Game" */;
			compatibilityVersion = "Xcode 9.3";
			developmentRegion = en;
			hasScannedForEncodings = 0;
			knownRegions = (
				en,
				Base,
			);
			mainGroup = B6A70D3D26CA3B2900FC164C;
			productRefGroup = B6A70D4B26CA3B2A00FC164C /* Products */;
			projectDirPath = "";
			projectRoot = "";
			targets = (
				B6A70D4926CA3B2A00FC164C /* Memorize Game (iOS) */,
				B6A70D5126CA3B2A00FC164C /* Memorize Game (macOS) */,
				B6A70D5926CA3B2A00FC164C /* Tests iOS */,
				B6A70D6426CA3B2A00FC164C /* Tests macOS */,
			);
		};
/* End PBXProject section */

/* Begin PBXResourcesBuildPhase section */
		B6A70D4826CA3B2A00FC164C /* Resources */ = {
			isa = PBXResourcesBuildPhase;
			buildActionMask = 2147483647;
			files = (
				B6A70D7026CA3B2A00FC164C /* Assets.xcassets in Resources */,
			);
			runOnlyForDeploymentPostprocessing = 0;
		};
		B6A70D5026CA3B2A00FC164C /* Resources */ = {
			isa = PBXResourcesBuildPhase;
			buildActionMask = 2147483647;
			files = (
				B6A70D7126CA3B2A00FC164C /* Assets.xcassets in Resources */,
			);
			runOnlyForDeploymentPostprocessing = 0;
		};
		B6A70D5826CA3B2A00FC164C /* Resources */ = {
			isa = PBXResourcesBuildPhase;
			buildActionMask = 2147483647;
			files = (
			);
			runOnlyForDeploymentPostprocessing = 0;
		};
		B6A70D6326CA3B2A00FC164C /* Resources */ = {
			isa = PBXResourcesBuildPhase;
			buildActionMask = 2147483647;
			files = (
			);
			runOnlyForDeploymentPostprocessing = 0;
		};
/* End PBXResourcesBuildPhase section */

/* Begin PBXSourcesBuildPhase section */
		B6A70D4626CA3B2A00FC164C /* Sources */ = {
			isa = PBXSourcesBuildPhase;
			buildActionMask = 2147483647;
			files = (
				B6A70D6E26CA3B2A00FC164C /* ContentView.swift in Sources */,
				B6A70D6C26CA3B2A00FC164C /* Memorize_GameApp.swift in Sources */,
			);
			runOnlyForDeploymentPostprocessing = 0;
		};
		B6A70D4E26CA3B2A00FC164C /* Sources */ = {
			isa = PBXSourcesBuildPhase;
			buildActionMask = 2147483647;
			files = (
				B6A70D6F26CA3B2A00FC164C /* ContentView.swift in Sources */,
				B6A70D6D26CA3B2A00FC164C /* Memorize_GameApp.swift in Sources */,
			);
			runOnlyForDeploymentPostprocessing = 0;
		};
		B6A70D5626CA3B2A00FC164C /* Sources */ = {
			isa = PBXSourcesBuildPhase;
			buildActionMask = 2147483647;
			files = (
				B6A70D5F26CA3B2A00FC164C /* Tests_iOS.swift in Sources */,
			);
			runOnlyForDeploymentPostprocessing = 0;
		};
		B6A70D6126CA3B2A00FC164C /* Sources */ = {
			isa = PBXSourcesBuildPhase;
			buildActionMask = 2147483647;
			files = (
				B6A70D6A26CA3B2A00FC164C /* Tests_macOS.swift in Sources */,
			);
			runOnlyForDeploymentPostprocessing = 0;
		};
/* End PBXSourcesBuildPhase section */

/* Begin PBXTargetDependency section */
		B6A70D5C26CA3B2A00FC164C /* PBXTargetDependency */ = {
			isa = PBXTargetDependency;
			target = B6A70D4926CA3B2A00FC164C /* Memorize Game (iOS) */;
			targetProxy = B6A70D5B26CA3B2A00FC164C /* PBXContainerItemProxy */;
		};
		B6A70D6726CA3B2A00FC164C /* PBXTargetDependency */ = {
			isa = PBXTargetDependency;
			target = B6A70D5126CA3B2A00FC164C /* Memorize Game (macOS) */;
			targetProxy = B6A70D6626CA3B2A00FC164C /* PBXContainerItemProxy */;
		};
/* End PBXTargetDependency section */

/* Begin XCBuildConfiguration section */
		B6A70D7226CA3B2A00FC164C /* Debug */ = {
			isa = XCBuildConfiguration;
			buildSettings = {
				ALWAYS_SEARCH_USER_PATHS = NO;
				CLANG_ANALYZER_NONNULL = YES;
				CLANG_ANALYZER_NUMBER_OBJECT_CONVERSION = YES_AGGRESSIVE;
				CLANG_CXX_LANGUAGE_STANDARD = "gnu++14";
				CLANG_CXX_LIBRARY = "libc++";
				CLANG_ENABLE_MODULES = YES;
				CLANG_ENABLE_OBJC_ARC = YES;
				CLANG_ENABLE_OBJC_WEAK = YES;
				CLANG_WARN_BLOCK_CAPTURE_AUTORELEASING = YES;
				CLANG_WARN_BOOL_CONVERSION = YES;
				CLANG_WARN_COMMA = YES;
				CLANG_WARN_CONSTANT_CONVERSION = YES;
				CLANG_WARN_DEPRECATED_OBJC_IMPLEMENTATIONS = YES;
				CLANG_WARN_DIRECT_OBJC_ISA_USAGE = YES_ERROR;
				CLANG_WARN_DOCUMENTATION_COMMENTS = YES;
				CLANG_WARN_EMPTY_BODY = YES;
				CLANG_WARN_ENUM_CONVERSION = YES;
				CLANG_WARN_INFINITE_RECURSION = YES;
				CLANG_WARN_INT_CONVERSION = YES;
				CLANG_WARN_NON_LITERAL_NULL_CONVERSION = YES;
				CLANG_WARN_OBJC_IMPLICIT_RETAIN_SELF = YES;
				CLANG_WARN_OBJC_LITERAL_CONVERSION = YES;
				CLANG_WARN_OBJC_ROOT_CLASS = YES_ERROR;
				CLANG_WARN_QUOTED_INCLUDE_IN_FRAMEWORK_HEADER = YES;
				CLANG_WARN_RANGE_LOOP_ANALYSIS = YES;
				CLANG_WARN_STRICT_PROTOTYPES = YES;
				CLANG_WARN_SUSPICIOUS_MOVE = YES;
				CLANG_WARN_UNGUARDED_AVAILABILITY = YES_AGGRESSIVE;
				CLANG_WARN_UNREACHABLE_CODE = YES;
				CLANG_WARN__DUPLICATE_METHOD_MATCH = YES;
				COPY_PHASE_STRIP = NO;
				DEBUG_INFORMATION_FORMAT = dwarf;
				ENABLE_STRICT_OBJC_MSGSEND = YES;
				ENABLE_TESTABILITY = YES;
				GCC_C_LANGUAGE_STANDARD = gnu11;
				GCC_DYNAMIC_NO_PIC = NO;
				GCC_NO_COMMON_BLOCKS = YES;
				GCC_OPTIMIZATION_LEVEL = 0;
				GCC_PREPROCESSOR_DEFINITIONS = (
					"DEBUG=1",
					"$(inherited)",
				);
				GCC_WARN_64_TO_32_BIT_CONVERSION = YES;
				GCC_WARN_ABOUT_RETURN_TYPE = YES_ERROR;
				GCC_WARN_UNDECLARED_SELECTOR = YES;
				GCC_WARN_UNINITIALIZED_AUTOS = YES_AGGRESSIVE;
				GCC_WARN_UNUSED_FUNCTION = YES;
				GCC_WARN_UNUSED_VARIABLE = YES;
				MTL_ENABLE_DEBUG_INFO = INCLUDE_SOURCE;
				MTL_FAST_MATH = YES;
				ONLY_ACTIVE_ARCH = YES;
				SWIFT_ACTIVE_COMPILATION_CONDITIONS = DEBUG;
				SWIFT_OPTIMIZATION_LEVEL = "-Onone";
			};
			name = Debug;
		};
		B6A70D7326CA3B2A00FC164C /* Release */ = {
			isa = XCBuildConfiguration;
			buildSettings = {
				ALWAYS_SEARCH_USER_PATHS = NO;
				CLANG_ANALYZER_NONNULL = YES;
				CLANG_ANALYZER_NUMBER_OBJECT_CONVERSION = YES_AGGRESSIVE;
				CLANG_CXX_LANGUAGE_STANDARD = "gnu++14";
				CLANG_CXX_LIBRARY = "libc++";
				CLANG_ENABLE_MODULES = YES;
				CLANG_ENABLE_OBJC_ARC = YES;
				CLANG_ENABLE_OBJC_WEAK = YES;
				CLANG_WARN_BLOCK_CAPTURE_AUTORELEASING = YES;
				CLANG_WARN_BOOL_CONVERSION = YES;
				CLANG_WARN_COMMA = YES;
				CLANG_WARN_CONSTANT_CONVERSION = YES;
				CLANG_WARN_DEPRECATED_OBJC_IMPLEMENTATIONS = YES;
				CLANG_WARN_DIRECT_OBJC_ISA_USAGE = YES_ERROR;
				CLANG_WARN_DOCUMENTATION_COMMENTS = YES;
				CLANG_WARN_EMPTY_BODY = YES;
				CLANG_WARN_ENUM_CONVERSION = YES;
				CLANG_WARN_INFINITE_RECURSION = YES;
				CLANG_WARN_INT_CONVERSION = YES;
				CLANG_WARN_NON_LITERAL_NULL_CONVERSION = YES;
				CLANG_WARN_OBJC_IMPLICIT_RETAIN_SELF = YES;
				CLANG_WARN_OBJC_LITERAL_CONVERSION = YES;
				CLANG_WARN_OBJC_ROOT_CLASS = YES_ERROR;
				CLANG_WARN_QUOTED_INCLUDE_IN_FRAMEWORK_HEADER = YES;
				CLANG_WARN_RANGE_LOOP_ANALYSIS = YES;
				CLANG_WARN_STRICT_PROTOTYPES = YES;
				CLANG_WARN_SUSPICIOUS_MOVE = YES;
				CLANG_WARN_UNGUARDED_AVAILABILITY = YES_AGGRESSIVE;
				CLANG_WARN_UNREACHABLE_CODE = YES;
				CLANG_WARN__DUPLICATE_METHOD_MATCH = YES;
				COPY_PHASE_STRIP = NO;
				DEBUG_INFORMATION_FORMAT = "dwarf-with-dsym";
				ENABLE_NS_ASSERTIONS = NO;
				ENABLE_STRICT_OBJC_MSGSEND = YES;
				GCC_C_LANGUAGE_STANDARD = gnu11;
				GCC_NO_COMMON_BLOCKS = YES;
				GCC_WARN_64_TO_32_BIT_CONVERSION = YES;
				GCC_WARN_ABOUT_RETURN_TYPE = YES_ERROR;
				GCC_WARN_UNDECLARED_SELECTOR = YES;
				GCC_WARN_UNINITIALIZED_AUTOS = YES_AGGRESSIVE;
				GCC_WARN_UNUSED_FUNCTION = YES;
				GCC_WARN_UNUSED_VARIABLE = YES;
				MTL_ENABLE_DEBUG_INFO = NO;
				MTL_FAST_MATH = YES;
				SWIFT_COMPILATION_MODE = wholemodule;
				SWIFT_OPTIMIZATION_LEVEL = "-O";
			};
			name = Release;
		};
		B6A70D7526CA3B2A00FC164C /* Debug */ = {
			isa = XCBuildConfiguration;
			buildSettings = {
				ASSETCATALOG_COMPILER_APPICON_NAME = AppIcon;
				ASSETCATALOG_COMPILER_GLOBAL_ACCENT_COLOR_NAME = AccentColor;
				CODE_SIGN_STYLE = Automatic;
				ENABLE_PREVIEWS = YES;
				INFOPLIST_FILE = iOS/Info.plist;
				IPHONEOS_DEPLOYMENT_TARGET = 14.0;
				LD_RUNPATH_SEARCH_PATHS = (
					"$(inherited)",
					"@executable_path/Frameworks",
				);
				PRODUCT_BUNDLE_IDENTIFIER = "com.MemorizeApp.Memorize-Game";
				PRODUCT_NAME = "Memorize Game";
				SDKROOT = iphoneos;
				SWIFT_VERSION = 5.0;
				TARGETED_DEVICE_FAMILY = "1,2";
			};
			name = Debug;
		};
		B6A70D7626CA3B2A00FC164C /* Release */ = {
			isa = XCBuildConfiguration;
			buildSettings = {
				ASSETCATALOG_COMPILER_APPICON_NAME = AppIcon;
				ASSETCATALOG_COMPILER_GLOBAL_ACCENT_COLOR_NAME = AccentColor;
				CODE_SIGN_STYLE = Automatic;
				ENABLE_PREVIEWS = YES;
				INFOPLIST_FILE = iOS/Info.plist;
				IPHONEOS_DEPLOYMENT_TARGET = 14.0;
				LD_RUNPATH_SEARCH_PATHS = (
					"$(inherited)",
					"@executable_path/Frameworks",
				);
				PRODUCT_BUNDLE_IDENTIFIER = "com.MemorizeApp.Memorize-Game";
				PRODUCT_NAME = "Memorize Game";
				SDKROOT = iphoneos;
				SWIFT_VERSION = 5.0;
				TARGETED_DEVICE_FAMILY = "1,2";
				VALIDATE_PRODUCT = YES;
			};
			name = Release;
		};
		B6A70D7826CA3B2A00FC164C /* Debug */ = {
			isa = XCBuildConfiguration;
			buildSettings = {
				ASSETCATALOG_COMPILER_APPICON_NAME = AppIcon;
				ASSETCATALOG_COMPILER_GLOBAL_ACCENT_COLOR_NAME = AccentColor;
				CODE_SIGN_ENTITLEMENTS = macOS/macOS.entitlements;
				CODE_SIGN_STYLE = Automatic;
				COMBINE_HIDPI_IMAGES = YES;
				ENABLE_PREVIEWS = YES;
				INFOPLIST_FILE = macOS/Info.plist;
				LD_RUNPATH_SEARCH_PATHS = (
					"$(inherited)",
					"@executable_path/../Frameworks",
				);
				MACOSX_DEPLOYMENT_TARGET = 11.0;
				PRODUCT_BUNDLE_IDENTIFIER = "com.MemorizeApp.Memorize-Game";
				PRODUCT_NAME = "Memorize Game";
				SDKROOT = macosx;
				SWIFT_VERSION = 5.0;
			};
			name = Debug;
		};
		B6A70D7926CA3B2A00FC164C /* Release */ = {
			isa = XCBuildConfiguration;
			buildSettings = {
				ASSETCATALOG_COMPILER_APPICON_NAME = AppIcon;
				ASSETCATALOG_COMPILER_GLOBAL_ACCENT_COLOR_NAME = AccentColor;
				CODE_SIGN_ENTITLEMENTS = macOS/macOS.entitlements;
				CODE_SIGN_STYLE = Automatic;
				COMBINE_HIDPI_IMAGES = YES;
				ENABLE_PREVIEWS = YES;
				INFOPLIST_FILE = macOS/Info.plist;
				LD_RUNPATH_SEARCH_PATHS = (
					"$(inherited)",
					"@executable_path/../Frameworks",
				);
				MACOSX_DEPLOYMENT_TARGET = 11.0;
				PRODUCT_BUNDLE_IDENTIFIER = "com.MemorizeApp.Memorize-Game";
				PRODUCT_NAME = "Memorize Game";
				SDKROOT = macosx;
				SWIFT_VERSION = 5.0;
			};
			name = Release;
		};
		B6A70D7B26CA3B2A00FC164C /* Debug */ = {
			isa = XCBuildConfiguration;
			buildSettings = {
				ALWAYS_EMBED_SWIFT_STANDARD_LIBRARIES = YES;
				CODE_SIGN_STYLE = Automatic;
				INFOPLIST_FILE = "Tests iOS/Info.plist";
				IPHONEOS_DEPLOYMENT_TARGET = 14.5;
				LD_RUNPATH_SEARCH_PATHS = (
					"$(inherited)",
					"@executable_path/Frameworks",
					"@loader_path/Frameworks",
				);
				PRODUCT_BUNDLE_IDENTIFIER = "com.MemorizeApp.Tests-iOS";
				PRODUCT_NAME = "$(TARGET_NAME)";
				SDKROOT = iphoneos;
				SWIFT_VERSION = 5.0;
				TARGETED_DEVICE_FAMILY = "1,2";
				TEST_TARGET_NAME = "Memorize Game (iOS)";
			};
			name = Debug;
		};
		B6A70D7C26CA3B2A00FC164C /* Release */ = {
			isa = XCBuildConfiguration;
			buildSettings = {
				ALWAYS_EMBED_SWIFT_STANDARD_LIBRARIES = YES;
				CODE_SIGN_STYLE = Automatic;
				INFOPLIST_FILE = "Tests iOS/Info.plist";
				IPHONEOS_DEPLOYMENT_TARGET = 14.5;
				LD_RUNPATH_SEARCH_PATHS = (
					"$(inherited)",
					"@executable_path/Frameworks",
					"@loader_path/Frameworks",
				);
				PRODUCT_BUNDLE_IDENTIFIER = "com.MemorizeApp.Tests-iOS";
				PRODUCT_NAME = "$(TARGET_NAME)";
				SDKROOT = iphoneos;
				SWIFT_VERSION = 5.0;
				TARGETED_DEVICE_FAMILY = "1,2";
				TEST_TARGET_NAME = "Memorize Game (iOS)";
				VALIDATE_PRODUCT = YES;
			};
			name = Release;
		};
		B6A70D7E26CA3B2A00FC164C /* Debug */ = {
			isa = XCBuildConfiguration;
			buildSettings = {
				ALWAYS_EMBED_SWIFT_STANDARD_LIBRARIES = YES;
				CODE_SIGN_STYLE = Automatic;
				COMBINE_HIDPI_IMAGES = YES;
				INFOPLIST_FILE = "Tests macOS/Info.plist";
				LD_RUNPATH_SEARCH_PATHS = (
					"$(inherited)",
					"@executable_path/../Frameworks",
					"@loader_path/../Frameworks",
				);
				MACOSX_DEPLOYMENT_TARGET = 11.3;
				PRODUCT_BUNDLE_IDENTIFIER = "com.MemorizeApp.Tests-macOS";
				PRODUCT_NAME = "$(TARGET_NAME)";
				SDKROOT = macosx;
				SWIFT_VERSION = 5.0;
				TEST_TARGET_NAME = "Memorize Game (macOS)";
			};
			name = Debug;
		};
		B6A70D7F26CA3B2A00FC164C /* Release */ = {
			isa = XCBuildConfiguration;
			buildSettings = {
				ALWAYS_EMBED_SWIFT_STANDARD_LIBRARIES = YES;
				CODE_SIGN_STYLE = Automatic;
				COMBINE_HIDPI_IMAGES = YES;
				INFOPLIST_FILE = "Tests macOS/Info.plist";
				LD_RUNPATH_SEARCH_PATHS = (
					"$(inherited)",
					"@executable_path/../Frameworks",
					"@loader_path/../Frameworks",
				);
				MACOSX_DEPLOYMENT_TARGET = 11.3;
				PRODUCT_BUNDLE_IDENTIFIER = "com.MemorizeApp.Tests-macOS";
				PRODUCT_NAME = "$(TARGET_NAME)";
				SDKROOT = macosx;
				SWIFT_VERSION = 5.0;
				TEST_TARGET_NAME = "Memorize Game (macOS)";
			};
			name = Release;
		};
/* End XCBuildConfiguration section */

/* Begin XCConfigurationList section */
		B6A70D4126CA3B2900FC164C /* Build configuration list for PBXProject "Memorize Game" */ = {
			isa = XCConfigurationList;
			buildConfigurations = (
				B6A70D7226CA3B2A00FC164C /* Debug */,
				B6A70D7326CA3B2A00FC164C /* Release */,
			);
			defaultConfigurationIsVisible = 0;
			defaultConfigurationName = Release;
		};
		B6A70D7426CA3B2A00FC164C /* Build configuration list for PBXNativeTarget "Memorize Game (iOS)" */ = {
			isa = XCConfigurationList;
			buildConfigurations = (
				B6A70D7526CA3B2A00FC164C /* Debug */,
				B6A70D7626CA3B2A00FC164C /* Release */,
			);
			defaultConfigurationIsVisible = 0;
			defaultConfigurationName = Release;
		};
		B6A70D7726CA3B2A00FC164C /* Build configuration list for PBXNativeTarget "Memorize Game (macOS)" */ = {
			isa = XCConfigurationList;
			buildConfigurations = (
				B6A70D7826CA3B2A00FC164C /* Debug */,
				B6A70D7926CA3B2A00FC164C /* Release */,
			);
			defaultConfigurationIsVisible = 0;
			defaultConfigurationName = Release;
		};
		B6A70D7A26CA3B2A00FC164C /* Build configuration list for PBXNativeTarget "Tests iOS" */ = {
			isa = XCConfigurationList;
			buildConfigurations = (
				B6A70D7B26CA3B2A00FC164C /* Debug */,
				B6A70D7C26CA3B2A00FC164C /* Release */,
			);
			defaultConfigurationIsVisible = 0;
			defaultConfigurationName = Release;
		};
		B6A70D7D26CA3B2A00FC164C /* Build configuration list for PBXNativeTarget "Tests macOS" */ = {
			isa = XCConfigurationList;
			buildConfigurations = (
				B6A70D7E26CA3B2A00FC164C /* Debug */,
				B6A70D7F26CA3B2A00FC164C /* Release */,
			);
			defaultConfigurationIsVisible = 0;
			defaultConfigurationName = Release;
		};
/* End XCConfigurationList section */
	};
	rootObject = B6A70D3E26CA3B2900FC164C /* Project object */;
}
